
Microsoft Visual Studio Solution File, Format Version 12.00
# Visual Studio Version 16
VisualStudioVersion = 16.0.31613.86
MinimumVisualStudioVersion = 10.0.40219.1
Project("{FAE04EC0-301F-11D3-BF4B-00C04F79EFBC}") = "1’den 25’e kadar olan sayıların kareleri toplamını bulan", "1’den 25’e kadar olan sayıların kareleri toplamını bulan.csproj", "{B946EDFD-7F56-4776-8F50-0275B59D72D1}"
EndProject
Global
	GlobalSection(SolutionConfigurationPlatforms) = preSolution
		Debug|Any CPU = Debug|Any CPU
		Release|Any CPU = Release|Any CPU
	EndGlobalSection
	GlobalSection(ProjectConfigurationPlatforms) = postSolution
		{B946EDFD-7F56-4776-8F50-0275B59D72D1}.Debug|Any CPU.ActiveCfg = Debug|Any CPU
		{B946EDFD-7F56-4776-8F50-0275B59D72D1}.Debug|Any CPU.Build.0 = Debug|Any CPU
		{B946EDFD-7F56-4776-8F50-0275B59D72D1}.Release|Any CPU.ActiveCfg = Release|Any CPU
		{B946EDFD-7F56-4776-8F50-0275B59D72D1}.Release|Any CPU.Build.0 = Release|Any CPU
	EndGlobalSection
	GlobalSection(SolutionProperties) = preSolution
		HideSolutionNode = FALSE
	EndGlobalSection
	GlobalSection(ExtensibilityGlobals) = postSolution
		SolutionGuid = {7EA7130C-456C-481C-A64F-7B86C979A8D5}
	EndGlobalSection
EndGlobal
